<?xml version="1.0" encoding="utf-8"?>
<Project ToolsVersion="4.0" xmlns="http://schemas.microsoft.com/developer/msbuild/2003">
  <ItemGroup>
    <Filter Include="Source Files">
      <UniqueIdentifier>{4FC737F1-C7A5-4376-A066-2A32D752A2FF}</UniqueIdentifier>
      <Extensions>cpp;c;cc;cxx;c++;def;odl;idl;hpj;bat;asm;asmx</Extensions>
    </Filter>
    <Filter Include="Header Files">
      <UniqueIdentifier>{93995380-89BD-4b04-88EB-625FBE52EBFB}</UniqueIdentifier>
      <Extensions>h;hh;hpp;hxx;h++;hm;inl;inc;ipp;xsd</Extensions>
    </Filter>
    <Filter Include="Resource Files">
      <UniqueIdentifier>{67DA6AB6-F800-4c08-8B7A-83BB121AAD01}</UniqueIdentifier>
      <Extensions>rc;ico;cur;bmp;dlg;rc2;rct;bin;rgs;gif;jpg;jpeg;jpe;resx;tiff;tif;png;wav;mfcribbon-ms</Extensions>
    </Filter>
  </ItemGroup>
  <ItemGroup>
    <ClInclude Include="src\headers\Main.h">
      <Filter>Header Files</Filter>
    </ClInclude>
    <ClInclude Include="src\vender\imgui\imconfig.h">
      <Filter>Header Files</Filter>
    </ClInclude>
    <ClInclude Include="src\vender\imgui\imgui.h">
      <Filter>Header Files</Filter>
    </ClInclude>
    <ClInclude Include="src\vender\imgui\imgui_internal.h">
      <Filter>Header Files</Filter>
    </ClInclude>
    <ClInclude Include="src\vender\imgui\imgui_impl_glfw.h">
      <Filter>Header Files</Filter>
    </ClInclude>
    <ClInclude Include="src\vender\imgui\imgui_impl_opengl3.h">
      <Filter>Header Files</Filter>
    </ClInclude>
    <ClInclude Include="src\vender\imgui\imstb_rectpack.h">
      <Filter>Header Files</Filter>
    </ClInclude>
    <ClInclude Include="src\vender\imgui\imstb_textedit.h">
      <Filter>Header Files</Filter>
    </ClInclude>
    <ClInclude Include="src\vender\imgui\imstb_truetype.h">
      <Filter>Header Files</Filter>
    </ClInclude>
    <ClInclude Include="src\headers\ImFileBrowser.h">
      <Filter>Header Files</Filter>
    </ClInclude>
    <ClInclude Include="src\headers\CreateProfile.h">
      <Filter>Header Files</Filter>
    </ClInclude>
    <ClInclude Include="src\headers\Progress Indicators.h">
      <Filter>Header Files</Filter>
    </ClInclude>
    <ClInclude Include="src\headers\Downloader.h">
      <Filter>Header Files</Filter>
    </ClInclude>
    <ClInclude Include="src\vender\json.hpp">
      <Filter>Header Files</Filter>
    </ClInclude>
    <ClInclude Include="src\headers\ExtractZip.h">
      <Filter>Header Files</Filter>
    </ClInclude>
    <ClInclude Include="src\headers\TextUrl.h">
      <Filter>Header Files</Filter>
    </ClInclude>
    <ClInclude Include="src\headers\Font.h">
      <Filter>Header Files</Filter>
    </ClInclude>
    <ClInclude Include="src\headers\Logger.h">
      <Filter>Header Files</Filter>
    </ClInclude>
    <ClInclude Include="resource.h">
      <Filter>Header Files</Filter>
    </ClInclude>
    <ClInclude Include="src\vender\zip.hpp">
      <Filter>Header Files</Filter>
    </ClInclude>
  </ItemGroup>
  <ItemGroup>
    <ClCompile Include="src\Source.cpp">
      <Filter>Source Files</Filter>
    </ClCompile>
    <ClCompile Include="src\source\Main.cpp">
      <Filter>Source Files</Filter>
    </ClCompile>
    <ClCompile Include="src\vender\imgui\imgui.cpp">
      <Filter>Source Files</Filter>
    </ClCompile>
    <ClCompile Include="src\vender\imgui\imgui_draw.cpp">
      <Filter>Source Files</Filter>
    </ClCompile>
    <ClCompile Include="src\vender\imgui\imgui_impl_glfw.cpp">
      <Filter>Source Files</Filter>
    </ClCompile>
    <ClCompile Include="src\vender\imgui\imgui_impl_opengl3.cpp">
      <Filter>Source Files</Filter>
    </ClCompile>
    <ClCompile Include="src\vender\imgui\imgui_widgets.cpp">
      <Filter>Source Files</Filter>
    </ClCompile>
    <ClCompile Include="src\source\CreateProfile.cpp">
      <Filter>Source Files</Filter>
    </ClCompile>
    <ClCompile Include="src\source\Downloader.cpp">
      <Filter>Source Files</Filter>
    </ClCompile>
    <ClCompile Include="src\vender\imgui\imgui_demo.cpp">
      <Filter>Source Files</Filter>
    </ClCompile>
    <ClCompile Include="src\source\ExtractZip.cpp">
      <Filter>Source Files</Filter>
    </ClCompile>
  </ItemGroup>
  <ItemGroup>
    <Font Include="src\source\NexaSlab.ttf" />
    <Font Include="NexaSlab.ttf" />
  </ItemGroup>
  <ItemGroup>
    <ResourceCompile Include="Auto-Installer for Pixel MK 3.rc">
      <Filter>Resource Files</Filter>
    </ResourceCompile>
  </ItemGroup>
  <ItemGroup>
    <Image Include="icon1.ico">
      <Filter>Resource Files</Filter>
    </Image>
  </ItemGroup>
</Project>